
Microsoft Visual Studio Solution File, Format Version 12.00
# Visual Studio 2012
Project("{E24C65DC-7377-472B-9ABA-BC803B73C61A}") = "webroot", "webroot\", "{54676B11-CB25-4C2B-B055-77E212907027}"
	ProjectSection(WebsiteProperties) = preProject
		TargetFrameworkMoniker = ".NETFramework,Version%3Dv4.0"
		Debug.AspNetCompiler.VirtualPath = "/webroot"
		Debug.AspNetCompiler.PhysicalPath = "D:\Resource\BataviaNet\GULALI_\webroot\"
		Debug.AspNetCompiler.TargetPath = "PrecompiledWeb\webroot\"
		Debug.AspNetCompiler.Updateable = "true"
		Debug.AspNetCompiler.ForceOverwrite = "true"
		Debug.AspNetCompiler.FixedNames = "false"
		Debug.AspNetCompiler.Debug = "True"
		Release.AspNetCompiler.VirtualPath = "/webroot"
		Release.AspNetCompiler.PhysicalPath = "D:\Resource\BataviaNet\GULALI_\webroot\"
		Release.AspNetCompiler.TargetPath = "PrecompiledWeb\webroot\"
		Release.AspNetCompiler.Updateable = "true"
		Release.AspNetCompiler.ForceOverwrite = "true"
		Release.AspNetCompiler.FixedNames = "false"
		Release.AspNetCompiler.Debug = "False"
		VWDPort = "33599"
		VWDVirtualPath = "/"
	EndProjectSection
EndProject
Global
	GlobalSection(SolutionConfigurationPlatforms) = preSolution
		Debug|Any CPU = Debug|Any CPU
	EndGlobalSection
	GlobalSection(ProjectConfigurationPlatforms) = postSolution
		{54676B11-CB25-4C2B-B055-77E212907027}.Debug|Any CPU.ActiveCfg = Debug|Any CPU
		{54676B11-CB25-4C2B-B055-77E212907027}.Debug|Any CPU.Build.0 = Debug|Any CPU
	EndGlobalSection
	GlobalSection(SolutionProperties) = preSolution
		HideSolutionNode = FALSE
	EndGlobalSection
EndGlobal
